
Microsoft Visual Studio Solution File, Format Version 12.00
# Visual Studio Version 17
VisualStudioVersion = 17.2.32526.322
MinimumVisualStudioVersion = 10.0.40219.1
Project("{FAE04EC0-301F-11D3-BF4B-00C04F79EFBC}") = "SomaTeste", "SomaTeste\SomaTeste.csproj", "{3662C3C7-6D70-437C-965C-388345CAE5FE}"
EndProject
Global
	GlobalSection(SolutionConfigurationPlatforms) = preSolution
		Debug|Any CPU = Debug|Any CPU
		Release|Any CPU = Release|Any CPU
	EndGlobalSection
	GlobalSection(ProjectConfigurationPlatforms) = postSolution
		{3662C3C7-6D70-437C-965C-388345CAE5FE}.Debug|Any CPU.ActiveCfg = Debug|Any CPU
		{3662C3C7-6D70-437C-965C-388345CAE5FE}.Debug|Any CPU.Build.0 = Debug|Any CPU
		{3662C3C7-6D70-437C-965C-388345CAE5FE}.Release|Any CPU.ActiveCfg = Release|Any CPU
		{3662C3C7-6D70-437C-965C-388345CAE5FE}.Release|Any CPU.Build.0 = Release|Any CPU
	EndGlobalSection
	GlobalSection(SolutionProperties) = preSolution
		HideSolutionNode = FALSE
	EndGlobalSection
	GlobalSection(ExtensibilityGlobals) = postSolution
		SolutionGuid = {6676DA75-5430-4561-887B-2B29E0338DEA}
	EndGlobalSection
EndGlobal
